<?xml version="1.0" encoding="utf-8"?>
<Project ToolsVersion="4.0" xmlns="http://schemas.microsoft.com/developer/msbuild/2003">
  <ItemGroup>
    <Filter Include="SailorEngine">
      <UniqueIdentifier>{250A6FED-116D-FE91-BAF2-3648A634CA14}</UniqueIdentifier>
    </Filter>
    <Filter Include="SailorEngine\Events">
      <UniqueIdentifier>{693AD91D-D59B-B62B-5E09-FDDDCA69EDEA}</UniqueIdentifier>
    </Filter>
  </ItemGroup>
  <ItemGroup>
    <ClInclude Include="src\SailorEngine.h" />
    <ClInclude Include="src\SailorEngine\Application.h">
      <Filter>SailorEngine</Filter>
    </ClInclude>
    <ClInclude Include="src\SailorEngine\Core.h">
      <Filter>SailorEngine</Filter>
    </ClInclude>
    <ClInclude Include="src\SailorEngine\EntryPoint.h">
      <Filter>SailorEngine</Filter>
    </ClInclude>
    <ClInclude Include="src\SailorEngine\Events\ApplicationEvent.h">
      <Filter>SailorEngine\Events</Filter>
    </ClInclude>
    <ClInclude Include="src\SailorEngine\Events\Event.h">
      <Filter>SailorEngine\Events</Filter>
    </ClInclude>
    <ClInclude Include="src\SailorEngine\Events\KeyEvent.h">
      <Filter>SailorEngine\Events</Filter>
    </ClInclude>
    <ClInclude Include="src\SailorEngine\Events\MouseEvent.h">
      <Filter>SailorEngine\Events</Filter>
    </ClInclude>
    <ClInclude Include="src\SailorEngine\Log.h">
      <Filter>SailorEngine</Filter>
    </ClInclude>
  </ItemGroup>
  <ItemGroup>
    <ClCompile Include="src\SailorEngine\Application.cpp">
      <Filter>SailorEngine</Filter>
    </ClCompile>
    <ClCompile Include="src\SailorEngine\Log.cpp">
      <Filter>SailorEngine</Filter>
    </ClCompile>
  </ItemGroup>
</Project>